// !$*UTF8*$!
{
	archiveVersion = 1;
	classes = {
	};
	objectVersion = 56;
	objects = {

/* Begin PBXBuildFile section */
		0CF6819A29C8046600A51EEB /* pd_capstone_feApp.swift in Sources */ = {isa = PBXBuildFile; fileRef = 0CF6819929C8046600A51EEB /* pd_capstone_feApp.swift */; };
		0CF6819C29C8046600A51EEB /* ContentView.swift in Sources */ = {isa = PBXBuildFile; fileRef = 0CF6819B29C8046600A51EEB /* ContentView.swift */; };
		0CF6819E29C8046700A51EEB /* Assets.xcassets in Resources */ = {isa = PBXBuildFile; fileRef = 0CF6819D29C8046700A51EEB /* Assets.xcassets */; };
		0CF681A129C8046700A51EEB /* Preview Assets.xcassets in Resources */ = {isa = PBXBuildFile; fileRef = 0CF681A029C8046700A51EEB /* Preview Assets.xcassets */; };
		0CF681A829C807E700A51EEB /* OrderList.swift in Sources */ = {isa = PBXBuildFile; fileRef = 0CF681A729C807E700A51EEB /* OrderList.swift */; };
		0CF681AB29C808BE00A51EEB /* OrderItem.swift in Sources */ = {isa = PBXBuildFile; fileRef = 0CF681AA29C808BE00A51EEB /* OrderItem.swift */; };
		0CF681AE29C816BF00A51EEB /* OrderRow.swift in Sources */ = {isa = PBXBuildFile; fileRef = 0CF681AD29C816BF00A51EEB /* OrderRow.swift */; };
		0CF681B029C82E2C00A51EEB /* Extrensions.swift in Sources */ = {isa = PBXBuildFile; fileRef = 0CF681AF29C82E2C00A51EEB /* Extrensions.swift */; };
		0CF681B629C8C06B00A51EEB /* Swimlane.swift in Sources */ = {isa = PBXBuildFile; fileRef = 0CF681B529C8C06B00A51EEB /* Swimlane.swift */; };
		0CF681B829C8C49A00A51EEB /* SwimlaneColumn.swift in Sources */ = {isa = PBXBuildFile; fileRef = 0CF681B729C8C49A00A51EEB /* SwimlaneColumn.swift */; };
/* End PBXBuildFile section */

/* Begin PBXFileReference section */
		0CF6819629C8046600A51EEB /* pd-capstone-fe.app */ = {isa = PBXFileReference; explicitFileType = wrapper.application; includeInIndex = 0; path = "pd-capstone-fe.app"; sourceTree = BUILT_PRODUCTS_DIR; };
		0CF6819929C8046600A51EEB /* pd_capstone_feApp.swift */ = {isa = PBXFileReference; lastKnownFileType = sourcecode.swift; path = pd_capstone_feApp.swift; sourceTree = "<group>"; };
		0CF6819B29C8046600A51EEB /* ContentView.swift */ = {isa = PBXFileReference; lastKnownFileType = sourcecode.swift; path = ContentView.swift; sourceTree = "<group>"; };
		0CF6819D29C8046700A51EEB /* Assets.xcassets */ = {isa = PBXFileReference; lastKnownFileType = folder.assetcatalog; path = Assets.xcassets; sourceTree = "<group>"; };
		0CF681A029C8046700A51EEB /* Preview Assets.xcassets */ = {isa = PBXFileReference; lastKnownFileType = folder.assetcatalog; path = "Preview Assets.xcassets"; sourceTree = "<group>"; };
		0CF681A729C807E700A51EEB /* OrderList.swift */ = {isa = PBXFileReference; lastKnownFileType = sourcecode.swift; path = OrderList.swift; sourceTree = "<group>"; };
		0CF681AA29C808BE00A51EEB /* OrderItem.swift */ = {isa = PBXFileReference; lastKnownFileType = sourcecode.swift; path = OrderItem.swift; sourceTree = "<group>"; };
		0CF681AD29C816BF00A51EEB /* OrderRow.swift */ = {isa = PBXFileReference; lastKnownFileType = sourcecode.swift; path = OrderRow.swift; sourceTree = "<group>"; };
		0CF681AF29C82E2C00A51EEB /* Extrensions.swift */ = {isa = PBXFileReference; lastKnownFileType = sourcecode.swift; path = Extrensions.swift; sourceTree = "<group>"; };
		0CF681B529C8C06B00A51EEB /* Swimlane.swift */ = {isa = PBXFileReference; lastKnownFileType = sourcecode.swift; path = Swimlane.swift; sourceTree = "<group>"; };
		0CF681B729C8C49A00A51EEB /* SwimlaneColumn.swift */ = {isa = PBXFileReference; lastKnownFileType = sourcecode.swift; path = SwimlaneColumn.swift; sourceTree = "<group>"; };
/* End PBXFileReference section */

/* Begin PBXFrameworksBuildPhase section */
		0CF6819329C8046600A51EEB /* Frameworks */ = {
			isa = PBXFrameworksBuildPhase;
			buildActionMask = 2147483647;
			files = (
			);
			runOnlyForDeploymentPostprocessing = 0;
		};
/* End PBXFrameworksBuildPhase section */

/* Begin PBXGroup section */
		0CF6818D29C8046600A51EEB = {
			isa = PBXGroup;
			children = (
				0CF6819829C8046600A51EEB /* pd-capstone-fe */,
				0CF6819729C8046600A51EEB /* Products */,
			);
			sourceTree = "<group>";
		};
		0CF6819729C8046600A51EEB /* Products */ = {
			isa = PBXGroup;
			children = (
				0CF6819629C8046600A51EEB /* pd-capstone-fe.app */,
			);
			name = Products;
			sourceTree = "<group>";
		};
		0CF6819829C8046600A51EEB /* pd-capstone-fe */ = {
			isa = PBXGroup;
			children = (
				0CF6819929C8046600A51EEB /* pd_capstone_feApp.swift */,
				0CF681AC29C808C500A51EEB /* Model */,
				0CF681A929C807FD00A51EEB /* Views */,
				0CF6819D29C8046700A51EEB /* Assets.xcassets */,
				0CF6819F29C8046700A51EEB /* Preview Content */,
			);
			path = "pd-capstone-fe";
			sourceTree = "<group>";
		};
		0CF6819F29C8046700A51EEB /* Preview Content */ = {
			isa = PBXGroup;
			children = (
				0CF681A029C8046700A51EEB /* Preview Assets.xcassets */,
			);
			path = "Preview Content";
			sourceTree = "<group>";
		};
		0CF681A929C807FD00A51EEB /* Views */ = {
			isa = PBXGroup;
			children = (
				0CF6819B29C8046600A51EEB /* ContentView.swift */,
				0CF681A729C807E700A51EEB /* OrderList.swift */,
				0CF681AD29C816BF00A51EEB /* OrderRow.swift */,
				0CF681B529C8C06B00A51EEB /* Swimlane.swift */,
				0CF681B729C8C49A00A51EEB /* SwimlaneColumn.swift */,
			);
			path = Views;
			sourceTree = "<group>";
		};
		0CF681AC29C808C500A51EEB /* Model */ = {
			isa = PBXGroup;
			children = (
				0CF681AA29C808BE00A51EEB /* OrderItem.swift */,
				0CF681AF29C82E2C00A51EEB /* Extrensions.swift */,
			);
			path = Model;
			sourceTree = "<group>";
		};
/* End PBXGroup section */

/* Begin PBXNativeTarget section */
		0CF6819529C8046600A51EEB /* pd-capstone-fe */ = {
			isa = PBXNativeTarget;
			buildConfigurationList = 0CF681A429C8046700A51EEB /* Build configuration list for PBXNativeTarget "pd-capstone-fe" */;
			buildPhases = (
				0CF6819229C8046600A51EEB /* Sources */,
				0CF6819329C8046600A51EEB /* Frameworks */,
				0CF6819429C8046600A51EEB /* Resources */,
			);
			buildRules = (
			);
			dependencies = (
			);
			name = "pd-capstone-fe";
			productName = "pd-capstone-fe";
			productReference = 0CF6819629C8046600A51EEB /* pd-capstone-fe.app */;
			productType = "com.apple.product-type.application";
		};
/* End PBXNativeTarget section */

/* Begin PBXProject section */
		0CF6818E29C8046600A51EEB /* Project object */ = {
			isa = PBXProject;
			attributes = {
				BuildIndependentTargetsInParallel = 1;
				LastSwiftUpdateCheck = 1420;
				LastUpgradeCheck = 1420;
				TargetAttributes = {
					0CF6819529C8046600A51EEB = {
						CreatedOnToolsVersion = 14.2;
					};
				};
			};
			buildConfigurationList = 0CF6819129C8046600A51EEB /* Build configuration list for PBXProject "pd-capstone-fe" */;
			compatibilityVersion = "Xcode 14.0";
			developmentRegion = en;
			hasScannedForEncodings = 0;
			knownRegions = (
				en,
				Base,
			);
			mainGroup = 0CF6818D29C8046600A51EEB;
			productRefGroup = 0CF6819729C8046600A51EEB /* Products */;
			projectDirPath = "";
			projectRoot = "";
			targets = (
				0CF6819529C8046600A51EEB /* pd-capstone-fe */,
			);
		};
/* End PBXProject section */

/* Begin PBXResourcesBuildPhase section */
		0CF6819429C8046600A51EEB /* Resources */ = {
			isa = PBXResourcesBuildPhase;
			buildActionMask = 2147483647;
			files = (
				0CF681A129C8046700A51EEB /* Preview Assets.xcassets in Resources */,
				0CF6819E29C8046700A51EEB /* Assets.xcassets in Resources */,
			);
			runOnlyForDeploymentPostprocessing = 0;
		};
/* End PBXResourcesBuildPhase section */

/* Begin PBXSourcesBuildPhase section */
		0CF6819229C8046600A51EEB /* Sources */ = {
			isa = PBXSourcesBuildPhase;
			buildActionMask = 2147483647;
			files = (
				0CF681AB29C808BE00A51EEB /* OrderItem.swift in Sources */,
				0CF6819C29C8046600A51EEB /* ContentView.swift in Sources */,
				0CF681B629C8C06B00A51EEB /* Swimlane.swift in Sources */,
				0CF681AE29C816BF00A51EEB /* OrderRow.swift in Sources */,
				0CF6819A29C8046600A51EEB /* pd_capstone_feApp.swift in Sources */,
				0CF681B829C8C49A00A51EEB /* SwimlaneColumn.swift in Sources */,
				0CF681B029C82E2C00A51EEB /* Extrensions.swift in Sources */,
				0CF681A829C807E700A51EEB /* OrderList.swift in Sources */,
			);
			runOnlyForDeploymentPostprocessing = 0;
		};
/* End PBXSourcesBuildPhase section */

/* Begin XCBuildConfiguration section */
		0CF681A229C8046700A51EEB /* Debug */ = {
			isa = XCBuildConfiguration;
			buildSettings = {
				ALWAYS_SEARCH_USER_PATHS = NO;
				CLANG_ANALYZER_NONNULL = YES;
				CLANG_ANALYZER_NUMBER_OBJECT_CONVERSION = YES_AGGRESSIVE;
				CLANG_CXX_LANGUAGE_STANDARD = "gnu++20";
				CLANG_ENABLE_MODULES = YES;
				CLANG_ENABLE_OBJC_ARC = YES;
				CLANG_ENABLE_OBJC_WEAK = YES;
				CLANG_WARN_BLOCK_CAPTURE_AUTORELEASING = YES;
				CLANG_WARN_BOOL_CONVERSION = YES;
				CLANG_WARN_COMMA = YES;
				CLANG_WARN_CONSTANT_CONVERSION = YES;
				CLANG_WARN_DEPRECATED_OBJC_IMPLEMENTATIONS = YES;
				CLANG_WARN_DIRECT_OBJC_ISA_USAGE = YES_ERROR;
				CLANG_WARN_DOCUMENTATION_COMMENTS = YES;
				CLANG_WARN_EMPTY_BODY = YES;
				CLANG_WARN_ENUM_CONVERSION = YES;
				CLANG_WARN_INFINITE_RECURSION = YES;
				CLANG_WARN_INT_CONVERSION = YES;
				CLANG_WARN_NON_LITERAL_NULL_CONVERSION = YES;
				CLANG_WARN_OBJC_IMPLICIT_RETAIN_SELF = YES;
				CLANG_WARN_OBJC_LITERAL_CONVERSION = YES;
				CLANG_WARN_OBJC_ROOT_CLASS = YES_ERROR;
				CLANG_WARN_QUOTED_INCLUDE_IN_FRAMEWORK_HEADER = YES;
				CLANG_WARN_RANGE_LOOP_ANALYSIS = YES;
				CLANG_WARN_STRICT_PROTOTYPES = YES;
				CLANG_WARN_SUSPICIOUS_MOVE = YES;
				CLANG_WARN_UNGUARDED_AVAILABILITY = YES_AGGRESSIVE;
				CLANG_WARN_UNREACHABLE_CODE = YES;
				CLANG_WARN__DUPLICATE_METHOD_MATCH = YES;
				COPY_PHASE_STRIP = NO;
				DEBUG_INFORMATION_FORMAT = dwarf;
				ENABLE_STRICT_OBJC_MSGSEND = YES;
				ENABLE_TESTABILITY = YES;
				GCC_C_LANGUAGE_STANDARD = gnu11;
				GCC_DYNAMIC_NO_PIC = NO;
				GCC_NO_COMMON_BLOCKS = YES;
				GCC_OPTIMIZATION_LEVEL = 0;
				GCC_PREPROCESSOR_DEFINITIONS = (
					"DEBUG=1",
					"$(inherited)",
				);
				GCC_WARN_64_TO_32_BIT_CONVERSION = YES;
				GCC_WARN_ABOUT_RETURN_TYPE = YES_ERROR;
				GCC_WARN_UNDECLARED_SELECTOR = YES;
				GCC_WARN_UNINITIALIZED_AUTOS = YES_AGGRESSIVE;
				GCC_WARN_UNUSED_FUNCTION = YES;
				GCC_WARN_UNUSED_VARIABLE = YES;
				IPHONEOS_DEPLOYMENT_TARGET = 16.2;
				MTL_ENABLE_DEBUG_INFO = INCLUDE_SOURCE;
				MTL_FAST_MATH = YES;
				ONLY_ACTIVE_ARCH = YES;
				SDKROOT = iphoneos;
				SWIFT_ACTIVE_COMPILATION_CONDITIONS = DEBUG;
				SWIFT_OPTIMIZATION_LEVEL = "-Onone";
			};
			name = Debug;
		};
		0CF681A329C8046700A51EEB /* Release */ = {
			isa = XCBuildConfiguration;
			buildSettings = {
				ALWAYS_SEARCH_USER_PATHS = NO;
				CLANG_ANALYZER_NONNULL = YES;
				CLANG_ANALYZER_NUMBER_OBJECT_CONVERSION = YES_AGGRESSIVE;
				CLANG_CXX_LANGUAGE_STANDARD = "gnu++20";
				CLANG_ENABLE_MODULES = YES;
				CLANG_ENABLE_OBJC_ARC = YES;
				CLANG_ENABLE_OBJC_WEAK = YES;
				CLANG_WARN_BLOCK_CAPTURE_AUTORELEASING = YES;
				CLANG_WARN_BOOL_CONVERSION = YES;
				CLANG_WARN_COMMA = YES;
				CLANG_WARN_CONSTANT_CONVERSION = YES;
				CLANG_WARN_DEPRECATED_OBJC_IMPLEMENTATIONS = YES;
				CLANG_WARN_DIRECT_OBJC_ISA_USAGE = YES_ERROR;
				CLANG_WARN_DOCUMENTATION_COMMENTS = YES;
				CLANG_WARN_EMPTY_BODY = YES;
				CLANG_WARN_ENUM_CONVERSION = YES;
				CLANG_WARN_INFINITE_RECURSION = YES;
				CLANG_WARN_INT_CONVERSION = YES;
				CLANG_WARN_NON_LITERAL_NULL_CONVERSION = YES;
				CLANG_WARN_OBJC_IMPLICIT_RETAIN_SELF = YES;
				CLANG_WARN_OBJC_LITERAL_CONVERSION = YES;
				CLANG_WARN_OBJC_ROOT_CLASS = YES_ERROR;
				CLANG_WARN_QUOTED_INCLUDE_IN_FRAMEWORK_HEADER = YES;
				CLANG_WARN_RANGE_LOOP_ANALYSIS = YES;
				CLANG_WARN_STRICT_PROTOTYPES = YES;
				CLANG_WARN_SUSPICIOUS_MOVE = YES;
				CLANG_WARN_UNGUARDED_AVAILABILITY = YES_AGGRESSIVE;
				CLANG_WARN_UNREACHABLE_CODE = YES;
				CLANG_WARN__DUPLICATE_METHOD_MATCH = YES;
				COPY_PHASE_STRIP = NO;
				DEBUG_INFORMATION_FORMAT = "dwarf-with-dsym";
				ENABLE_NS_ASSERTIONS = NO;
				ENABLE_STRICT_OBJC_MSGSEND = YES;
				GCC_C_LANGUAGE_STANDARD = gnu11;
				GCC_NO_COMMON_BLOCKS = YES;
				GCC_WARN_64_TO_32_BIT_CONVERSION = YES;
				GCC_WARN_ABOUT_RETURN_TYPE = YES_ERROR;
				GCC_WARN_UNDECLARED_SELECTOR = YES;
				GCC_WARN_UNINITIALIZED_AUTOS = YES_AGGRESSIVE;
				GCC_WARN_UNUSED_FUNCTION = YES;
				GCC_WARN_UNUSED_VARIABLE = YES;
				IPHONEOS_DEPLOYMENT_TARGET = 16.2;
				MTL_ENABLE_DEBUG_INFO = NO;
				MTL_FAST_MATH = YES;
				SDKROOT = iphoneos;
				SWIFT_COMPILATION_MODE = wholemodule;
				SWIFT_OPTIMIZATION_LEVEL = "-O";
				VALIDATE_PRODUCT = YES;
			};
			name = Release;
		};
		0CF681A529C8046700A51EEB /* Debug */ = {
			isa = XCBuildConfiguration;
			buildSettings = {
				ASSETCATALOG_COMPILER_APPICON_NAME = AppIcon;
				ASSETCATALOG_COMPILER_GLOBAL_ACCENT_COLOR_NAME = AccentColor;
				CODE_SIGN_STYLE = Automatic;
				CURRENT_PROJECT_VERSION = 1;
				DEVELOPMENT_ASSET_PATHS = "\"pd-capstone-fe/Preview Content\"";
				ENABLE_PREVIEWS = YES;
				GENERATE_INFOPLIST_FILE = YES;
				INFOPLIST_KEY_UIApplicationSceneManifest_Generation = YES;
				INFOPLIST_KEY_UIApplicationSupportsIndirectInputEvents = YES;
				INFOPLIST_KEY_UILaunchScreen_Generation = YES;
				INFOPLIST_KEY_UISupportedInterfaceOrientations_iPad = "UIInterfaceOrientationPortrait UIInterfaceOrientationPortraitUpsideDown UIInterfaceOrientationLandscapeLeft UIInterfaceOrientationLandscapeRight";
				INFOPLIST_KEY_UISupportedInterfaceOrientations_iPhone = "UIInterfaceOrientationPortrait UIInterfaceOrientationLandscapeLeft UIInterfaceOrientationLandscapeRight";
				LD_RUNPATH_SEARCH_PATHS = (
					"$(inherited)",
					"@executable_path/Frameworks",
				);
				MARKETING_VERSION = 1.0;
				PRODUCT_BUNDLE_IDENTIFIER = "pd-capstone-2.pd-capstone-fe";
				PRODUCT_NAME = "$(TARGET_NAME)";
				SWIFT_EMIT_LOC_STRINGS = YES;
				SWIFT_VERSION = 5.0;
				TARGETED_DEVICE_FAMILY = "1,2";
			};
			name = Debug;
		};
		0CF681A629C8046700A51EEB /* Release */ = {
			isa = XCBuildConfiguration;
			buildSettings = {
				ASSETCATALOG_COMPILER_APPICON_NAME = AppIcon;
				ASSETCATALOG_COMPILER_GLOBAL_ACCENT_COLOR_NAME = AccentColor;
				CODE_SIGN_STYLE = Automatic;
				CURRENT_PROJECT_VERSION = 1;
				DEVELOPMENT_ASSET_PATHS = "\"pd-capstone-fe/Preview Content\"";
				ENABLE_PREVIEWS = YES;
				GENERATE_INFOPLIST_FILE = YES;
				INFOPLIST_KEY_UIApplicationSceneManifest_Generation = YES;
				INFOPLIST_KEY_UIApplicationSupportsIndirectInputEvents = YES;
				INFOPLIST_KEY_UILaunchScreen_Generation = YES;
				INFOPLIST_KEY_UISupportedInterfaceOrientations_iPad = "UIInterfaceOrientationPortrait UIInterfaceOrientationPortraitUpsideDown UIInterfaceOrientationLandscapeLeft UIInterfaceOrientationLandscapeRight";
				INFOPLIST_KEY_UISupportedInterfaceOrientations_iPhone = "UIInterfaceOrientationPortrait UIInterfaceOrientationLandscapeLeft UIInterfaceOrientationLandscapeRight";
				LD_RUNPATH_SEARCH_PATHS = (
					"$(inherited)",
					"@executable_path/Frameworks",
				);
				MARKETING_VERSION = 1.0;
				PRODUCT_BUNDLE_IDENTIFIER = "pd-capstone-2.pd-capstone-fe";
				PRODUCT_NAME = "$(TARGET_NAME)";
				SWIFT_EMIT_LOC_STRINGS = YES;
				SWIFT_VERSION = 5.0;
				TARGETED_DEVICE_FAMILY = "1,2";
			};
			name = Release;
		};
/* End XCBuildConfiguration section */

/* Begin XCConfigurationList section */
		0CF6819129C8046600A51EEB /* Build configuration list for PBXProject "pd-capstone-fe" */ = {
			isa = XCConfigurationList;
			buildConfigurations = (
				0CF681A229C8046700A51EEB /* Debug */,
				0CF681A329C8046700A51EEB /* Release */,
			);
			defaultConfigurationIsVisible = 0;
			defaultConfigurationName = Release;
		};
		0CF681A429C8046700A51EEB /* Build configuration list for PBXNativeTarget "pd-capstone-fe" */ = {
			isa = XCConfigurationList;
			buildConfigurations = (
				0CF681A529C8046700A51EEB /* Debug */,
				0CF681A629C8046700A51EEB /* Release */,
			);
			defaultConfigurationIsVisible = 0;
			defaultConfigurationName = Release;
		};
/* End XCConfigurationList section */
	};
	rootObject = 0CF6818E29C8046600A51EEB /* Project object */;
}
